
Microsoft Visual Studio Solution File, Format Version 12.00
# Visual Studio Version 17
VisualStudioVersion = 17.10.35013.160
MinimumVisualStudioVersion = 10.0.40219.1
Project("{FAE04EC0-301F-11D3-BF4B-00C04F79EFBC}") = "Task6_MVC", "Task6_MVC\Task6_MVC.csproj", "{B4325A49-272E-4720-9C9C-591C0AD73A25}"
EndProject
Global
	GlobalSection(SolutionConfigurationPlatforms) = preSolution
		Debug|Any CPU = Debug|Any CPU
		Release|Any CPU = Release|Any CPU
	EndGlobalSection
	GlobalSection(ProjectConfigurationPlatforms) = postSolution
		{B4325A49-272E-4720-9C9C-591C0AD73A25}.Debug|Any CPU.ActiveCfg = Debug|Any CPU
		{B4325A49-272E-4720-9C9C-591C0AD73A25}.Debug|Any CPU.Build.0 = Debug|Any CPU
		{B4325A49-272E-4720-9C9C-591C0AD73A25}.Release|Any CPU.ActiveCfg = Release|Any CPU
		{B4325A49-272E-4720-9C9C-591C0AD73A25}.Release|Any CPU.Build.0 = Release|Any CPU
	EndGlobalSection
	GlobalSection(SolutionProperties) = preSolution
		HideSolutionNode = FALSE
	EndGlobalSection
	GlobalSection(ExtensibilityGlobals) = postSolution
		SolutionGuid = {602D2F77-B613-4ED5-BB5A-E12C813831A2}
	EndGlobalSection
EndGlobal
